
Microsoft Visual Studio Solution File, Format Version 12.00
# Visual Studio Version 17
VisualStudioVersion = 17.13.35931.197 d17.13
MinimumVisualStudioVersion = 10.0.40219.1
Project("{FAE04EC0-301F-11D3-BF4B-00C04F79EFBC}") = "AriaCaptureServer", "AriaCaptureServer.csproj", "{2095B469-5D82-4744-8A58-812A0E73E746}"
EndProject
Global
	GlobalSection(SolutionConfigurationPlatforms) = preSolution
		Debug|Any CPU = Debug|Any CPU
		Release|Any CPU = Release|Any CPU
	EndGlobalSection
	GlobalSection(ProjectConfigurationPlatforms) = postSolution
		{2095B469-5D82-4744-8A58-812A0E73E746}.Debug|Any CPU.ActiveCfg = Debug|Any CPU
		{2095B469-5D82-4744-8A58-812A0E73E746}.Debug|Any CPU.Build.0 = Debug|Any CPU
		{2095B469-5D82-4744-8A58-812A0E73E746}.Release|Any CPU.ActiveCfg = Release|Any CPU
		{2095B469-5D82-4744-8A58-812A0E73E746}.Release|Any CPU.Build.0 = Release|Any CPU
	EndGlobalSection
	GlobalSection(SolutionProperties) = preSolution
		HideSolutionNode = FALSE
	EndGlobalSection
	GlobalSection(ExtensibilityGlobals) = postSolution
		SolutionGuid = {EF0EF534-736B-4238-863E-0053265B2C50}
	EndGlobalSection
EndGlobal
