
Microsoft Visual Studio Solution File, Format Version 12.00
# Visual Studio Version 17
VisualStudioVersion = 17.11.35431.28
MinimumVisualStudioVersion = 10.0.40219.1
Project("{FAE04EC0-301F-11D3-BF4B-00C04F79EFBC}") = "winnetmq", "winnetmq.csproj", "{94C82451-D778-49BB-B666-3DCD24FC47EC}"
EndProject
Global
	GlobalSection(SolutionConfigurationPlatforms) = preSolution
		Debug|Any CPU = Debug|Any CPU
		Release|Any CPU = Release|Any CPU
	EndGlobalSection
	GlobalSection(ProjectConfigurationPlatforms) = postSolution
		{94C82451-D778-49BB-B666-3DCD24FC47EC}.Debug|Any CPU.ActiveCfg = Debug|Any CPU
		{94C82451-D778-49BB-B666-3DCD24FC47EC}.Debug|Any CPU.Build.0 = Debug|Any CPU
		{94C82451-D778-49BB-B666-3DCD24FC47EC}.Release|Any CPU.ActiveCfg = Release|Any CPU
		{94C82451-D778-49BB-B666-3DCD24FC47EC}.Release|Any CPU.Build.0 = Release|Any CPU
	EndGlobalSection
	GlobalSection(SolutionProperties) = preSolution
		HideSolutionNode = FALSE
	EndGlobalSection
	GlobalSection(ExtensibilityGlobals) = postSolution
		SolutionGuid = {E4DB9448-28FE-46F7-964A-26ECA0B972FA}
	EndGlobalSection
EndGlobal
